// !$*UTF8*$!
{
	archiveVersion = 1;
	classes = {
	};
	objectVersion = 50;
	objects = {

/* Begin PBXBuildFile section */
		56DB14C22290127E00106F20 /* AppDelegate.m in Sources */ = {isa = PBXBuildFile; fileRef = 56DB14C12290127E00106F20 /* AppDelegate.m */; };
		56DB14C52290127E00106F20 /* ViewController.m in Sources */ = {isa = PBXBuildFile; fileRef = 56DB14C42290127E00106F20 /* ViewController.m */; };
		56DB14C82290127E00106F20 /* Main.storyboard in Resources */ = {isa = PBXBuildFile; fileRef = 56DB14C62290127E00106F20 /* Main.storyboard */; };
		56DB14CA2290127F00106F20 /* Assets.xcassets in Resources */ = {isa = PBXBuildFile; fileRef = 56DB14C92290127F00106F20 /* Assets.xcassets */; };
		56DB14CD2290127F00106F20 /* LaunchScreen.storyboard in Resources */ = {isa = PBXBuildFile; fileRef = 56DB14CB2290127F00106F20 /* LaunchScreen.storyboard */; };
		56DB14D02290127F00106F20 /* main.m in Sources */ = {isa = PBXBuildFile; fileRef = 56DB14CF2290127F00106F20 /* main.m */; };
		56DB14DA2290127F00106F20 /* SwiftProtocolImportTests.m in Sources */ = {isa = PBXBuildFile; fileRef = 56DB14D92290127F00106F20 /* SwiftProtocolImportTests.m */; };
		56DB14E52290127F00106F20 /* SwiftProtocolImportUITests.m in Sources */ = {isa = PBXBuildFile; fileRef = 56DB14E42290127F00106F20 /* SwiftProtocolImportUITests.m */; };
		56DB14F7229012EE00106F20 /* SomeObjectiveCClass.m in Sources */ = {isa = PBXBuildFile; fileRef = 56DB14F6229012EE00106F20 /* SomeObjectiveCClass.m */; };
		56DB14FB229014E300106F20 /* SwiftProtocol.swift in Sources */ = {isa = PBXBuildFile; fileRef = 56DB14FA229014E300106F20 /* SwiftProtocol.swift */; };
		56DB1501229017ED00106F20 /* SomeObjectiveCClassWithError.m in Sources */ = {isa = PBXBuildFile; fileRef = 56DB1500229017ED00106F20 /* SomeObjectiveCClassWithError.m */; };
/* End PBXBuildFile section */

/* Begin PBXContainerItemProxy section */
		56DB14D62290127F00106F20 /* PBXContainerItemProxy */ = {
			isa = PBXContainerItemProxy;
			containerPortal = 56DB14B52290127E00106F20 /* Project object */;
			proxyType = 1;
			remoteGlobalIDString = 56DB14BC2290127E00106F20;
			remoteInfo = SwiftProtocolImport;
		};
		56DB14E12290127F00106F20 /* PBXContainerItemProxy */ = {
			isa = PBXContainerItemProxy;
			containerPortal = 56DB14B52290127E00106F20 /* Project object */;
			proxyType = 1;
			remoteGlobalIDString = 56DB14BC2290127E00106F20;
			remoteInfo = SwiftProtocolImport;
		};
/* End PBXContainerItemProxy section */

/* Begin PBXFileReference section */
		56DB14BD2290127E00106F20 /* SwiftProtocolImport.app */ = {isa = PBXFileReference; explicitFileType = wrapper.application; includeInIndex = 0; path = SwiftProtocolImport.app; sourceTree = BUILT_PRODUCTS_DIR; };
		56DB14C02290127E00106F20 /* AppDelegate.h */ = {isa = PBXFileReference; lastKnownFileType = sourcecode.c.h; path = AppDelegate.h; sourceTree = "<group>"; };
		56DB14C12290127E00106F20 /* AppDelegate.m */ = {isa = PBXFileReference; lastKnownFileType = sourcecode.c.objc; path = AppDelegate.m; sourceTree = "<group>"; };
		56DB14C32290127E00106F20 /* ViewController.h */ = {isa = PBXFileReference; lastKnownFileType = sourcecode.c.h; path = ViewController.h; sourceTree = "<group>"; };
		56DB14C42290127E00106F20 /* ViewController.m */ = {isa = PBXFileReference; lastKnownFileType = sourcecode.c.objc; path = ViewController.m; sourceTree = "<group>"; };
		56DB14C72290127E00106F20 /* Base */ = {isa = PBXFileReference; lastKnownFileType = file.storyboard; name = Base; path = Base.lproj/Main.storyboard; sourceTree = "<group>"; };
		56DB14C92290127F00106F20 /* Assets.xcassets */ = {isa = PBXFileReference; lastKnownFileType = folder.assetcatalog; path = Assets.xcassets; sourceTree = "<group>"; };
		56DB14CC2290127F00106F20 /* Base */ = {isa = PBXFileReference; lastKnownFileType = file.storyboard; name = Base; path = Base.lproj/LaunchScreen.storyboard; sourceTree = "<group>"; };
		56DB14CE2290127F00106F20 /* Info.plist */ = {isa = PBXFileReference; lastKnownFileType = text.plist.xml; path = Info.plist; sourceTree = "<group>"; };
		56DB14CF2290127F00106F20 /* main.m */ = {isa = PBXFileReference; lastKnownFileType = sourcecode.c.objc; path = main.m; sourceTree = "<group>"; };
		56DB14D52290127F00106F20 /* SwiftProtocolImportTests.xctest */ = {isa = PBXFileReference; explicitFileType = wrapper.cfbundle; includeInIndex = 0; path = SwiftProtocolImportTests.xctest; sourceTree = BUILT_PRODUCTS_DIR; };
		56DB14D92290127F00106F20 /* SwiftProtocolImportTests.m */ = {isa = PBXFileReference; lastKnownFileType = sourcecode.c.objc; path = SwiftProtocolImportTests.m; sourceTree = "<group>"; };
		56DB14DB2290127F00106F20 /* Info.plist */ = {isa = PBXFileReference; lastKnownFileType = text.plist.xml; path = Info.plist; sourceTree = "<group>"; };
		56DB14E02290127F00106F20 /* SwiftProtocolImportUITests.xctest */ = {isa = PBXFileReference; explicitFileType = wrapper.cfbundle; includeInIndex = 0; path = SwiftProtocolImportUITests.xctest; sourceTree = BUILT_PRODUCTS_DIR; };
		56DB14E42290127F00106F20 /* SwiftProtocolImportUITests.m */ = {isa = PBXFileReference; lastKnownFileType = sourcecode.c.objc; path = SwiftProtocolImportUITests.m; sourceTree = "<group>"; };
		56DB14E62290127F00106F20 /* Info.plist */ = {isa = PBXFileReference; lastKnownFileType = text.plist.xml; path = Info.plist; sourceTree = "<group>"; };
		56DB14F5229012EE00106F20 /* SomeObjectiveCClass.h */ = {isa = PBXFileReference; lastKnownFileType = sourcecode.c.h; path = SomeObjectiveCClass.h; sourceTree = "<group>"; };
		56DB14F6229012EE00106F20 /* SomeObjectiveCClass.m */ = {isa = PBXFileReference; lastKnownFileType = sourcecode.c.objc; path = SomeObjectiveCClass.m; sourceTree = "<group>"; };
		56DB14F82290138000106F20 /* SomeObjectiveCProtocol.h */ = {isa = PBXFileReference; lastKnownFileType = sourcecode.c.h; path = SomeObjectiveCProtocol.h; sourceTree = "<group>"; };
		56DB14F9229014E300106F20 /* SwiftProtocolImport-Bridging-Header.h */ = {isa = PBXFileReference; lastKnownFileType = sourcecode.c.h; path = "SwiftProtocolImport-Bridging-Header.h"; sourceTree = "<group>"; };
		56DB14FA229014E300106F20 /* SwiftProtocol.swift */ = {isa = PBXFileReference; lastKnownFileType = sourcecode.swift; path = SwiftProtocol.swift; sourceTree = "<group>"; };
		56DB14FF229017ED00106F20 /* SomeObjectiveCClassWithError.h */ = {isa = PBXFileReference; lastKnownFileType = sourcecode.c.h; path = SomeObjectiveCClassWithError.h; sourceTree = "<group>"; };
		56DB1500229017ED00106F20 /* SomeObjectiveCClassWithError.m */ = {isa = PBXFileReference; lastKnownFileType = sourcecode.c.objc; path = SomeObjectiveCClassWithError.m; sourceTree = "<group>"; };
/* End PBXFileReference section */

/* Begin PBXFrameworksBuildPhase section */
		56DB14BA2290127E00106F20 /* Frameworks */ = {
			isa = PBXFrameworksBuildPhase;
			buildActionMask = 2147483647;
			files = (
			);
			runOnlyForDeploymentPostprocessing = 0;
		};
		56DB14D22290127F00106F20 /* Frameworks */ = {
			isa = PBXFrameworksBuildPhase;
			buildActionMask = 2147483647;
			files = (
			);
			runOnlyForDeploymentPostprocessing = 0;
		};
		56DB14DD2290127F00106F20 /* Frameworks */ = {
			isa = PBXFrameworksBuildPhase;
			buildActionMask = 2147483647;
			files = (
			);
			runOnlyForDeploymentPostprocessing = 0;
		};
/* End PBXFrameworksBuildPhase section */

/* Begin PBXGroup section */
		56DB14B42290127E00106F20 = {
			isa = PBXGroup;
			children = (
				56DB14BF2290127E00106F20 /* SwiftProtocolImport */,
				56DB14D82290127F00106F20 /* SwiftProtocolImportTests */,
				56DB14E32290127F00106F20 /* SwiftProtocolImportUITests */,
				56DB14BE2290127E00106F20 /* Products */,
			);
			sourceTree = "<group>";
		};
		56DB14BE2290127E00106F20 /* Products */ = {
			isa = PBXGroup;
			children = (
				56DB14BD2290127E00106F20 /* SwiftProtocolImport.app */,
				56DB14D52290127F00106F20 /* SwiftProtocolImportTests.xctest */,
				56DB14E02290127F00106F20 /* SwiftProtocolImportUITests.xctest */,
			);
			name = Products;
			sourceTree = "<group>";
		};
		56DB14BF2290127E00106F20 /* SwiftProtocolImport */ = {
			isa = PBXGroup;
			children = (
				56DB14C02290127E00106F20 /* AppDelegate.h */,
				56DB14C12290127E00106F20 /* AppDelegate.m */,
				56DB14C32290127E00106F20 /* ViewController.h */,
				56DB14C42290127E00106F20 /* ViewController.m */,
				56DB14C62290127E00106F20 /* Main.storyboard */,
				56DB14C92290127F00106F20 /* Assets.xcassets */,
				56DB14CB2290127F00106F20 /* LaunchScreen.storyboard */,
				56DB14CE2290127F00106F20 /* Info.plist */,
				56DB14CF2290127F00106F20 /* main.m */,
				56DB14F5229012EE00106F20 /* SomeObjectiveCClass.h */,
				56DB14F6229012EE00106F20 /* SomeObjectiveCClass.m */,
				56DB14FF229017ED00106F20 /* SomeObjectiveCClassWithError.h */,
				56DB1500229017ED00106F20 /* SomeObjectiveCClassWithError.m */,
				56DB14F82290138000106F20 /* SomeObjectiveCProtocol.h */,
				56DB14FA229014E300106F20 /* SwiftProtocol.swift */,
				56DB14F9229014E300106F20 /* SwiftProtocolImport-Bridging-Header.h */,
			);
			path = SwiftProtocolImport;
			sourceTree = "<group>";
		};
		56DB14D82290127F00106F20 /* SwiftProtocolImportTests */ = {
			isa = PBXGroup;
			children = (
				56DB14D92290127F00106F20 /* SwiftProtocolImportTests.m */,
				56DB14DB2290127F00106F20 /* Info.plist */,
			);
			path = SwiftProtocolImportTests;
			sourceTree = "<group>";
		};
		56DB14E32290127F00106F20 /* SwiftProtocolImportUITests */ = {
			isa = PBXGroup;
			children = (
				56DB14E42290127F00106F20 /* SwiftProtocolImportUITests.m */,
				56DB14E62290127F00106F20 /* Info.plist */,
			);
			path = SwiftProtocolImportUITests;
			sourceTree = "<group>";
		};
/* End PBXGroup section */

/* Begin PBXNativeTarget section */
		56DB14BC2290127E00106F20 /* SwiftProtocolImport */ = {
			isa = PBXNativeTarget;
			buildConfigurationList = 56DB14E92290127F00106F20 /* Build configuration list for PBXNativeTarget "SwiftProtocolImport" */;
			buildPhases = (
				56DB14B92290127E00106F20 /* Sources */,
				56DB14BA2290127E00106F20 /* Frameworks */,
				56DB14BB2290127E00106F20 /* Resources */,
			);
			buildRules = (
			);
			dependencies = (
			);
			name = SwiftProtocolImport;
			productName = SwiftProtocolImport;
			productReference = 56DB14BD2290127E00106F20 /* SwiftProtocolImport.app */;
			productType = "com.apple.product-type.application";
		};
		56DB14D42290127F00106F20 /* SwiftProtocolImportTests */ = {
			isa = PBXNativeTarget;
			buildConfigurationList = 56DB14EC2290127F00106F20 /* Build configuration list for PBXNativeTarget "SwiftProtocolImportTests" */;
			buildPhases = (
				56DB14D12290127F00106F20 /* Sources */,
				56DB14D22290127F00106F20 /* Frameworks */,
				56DB14D32290127F00106F20 /* Resources */,
			);
			buildRules = (
			);
			dependencies = (
				56DB14D72290127F00106F20 /* PBXTargetDependency */,
			);
			name = SwiftProtocolImportTests;
			productName = SwiftProtocolImportTests;
			productReference = 56DB14D52290127F00106F20 /* SwiftProtocolImportTests.xctest */;
			productType = "com.apple.product-type.bundle.unit-test";
		};
		56DB14DF2290127F00106F20 /* SwiftProtocolImportUITests */ = {
			isa = PBXNativeTarget;
			buildConfigurationList = 56DB14EF2290127F00106F20 /* Build configuration list for PBXNativeTarget "SwiftProtocolImportUITests" */;
			buildPhases = (
				56DB14DC2290127F00106F20 /* Sources */,
				56DB14DD2290127F00106F20 /* Frameworks */,
				56DB14DE2290127F00106F20 /* Resources */,
			);
			buildRules = (
			);
			dependencies = (
				56DB14E22290127F00106F20 /* PBXTargetDependency */,
			);
			name = SwiftProtocolImportUITests;
			productName = SwiftProtocolImportUITests;
			productReference = 56DB14E02290127F00106F20 /* SwiftProtocolImportUITests.xctest */;
			productType = "com.apple.product-type.bundle.ui-testing";
		};
/* End PBXNativeTarget section */

/* Begin PBXProject section */
		56DB14B52290127E00106F20 /* Project object */ = {
			isa = PBXProject;
			attributes = {
				LastUpgradeCheck = 1020;
				ORGANIZATIONNAME = "Matt Mould";
				TargetAttributes = {
					56DB14BC2290127E00106F20 = {
						CreatedOnToolsVersion = 10.2.1;
						LastSwiftMigration = 1020;
					};
					56DB14D42290127F00106F20 = {
						CreatedOnToolsVersion = 10.2.1;
						TestTargetID = 56DB14BC2290127E00106F20;
					};
					56DB14DF2290127F00106F20 = {
						CreatedOnToolsVersion = 10.2.1;
						TestTargetID = 56DB14BC2290127E00106F20;
					};
				};
			};
			buildConfigurationList = 56DB14B82290127E00106F20 /* Build configuration list for PBXProject "SwiftProtocolImport" */;
			compatibilityVersion = "Xcode 9.3";
			developmentRegion = en;
			hasScannedForEncodings = 0;
			knownRegions = (
				en,
				Base,
			);
			mainGroup = 56DB14B42290127E00106F20;
			productRefGroup = 56DB14BE2290127E00106F20 /* Products */;
			projectDirPath = "";
			projectRoot = "";
			targets = (
				56DB14BC2290127E00106F20 /* SwiftProtocolImport */,
				56DB14D42290127F00106F20 /* SwiftProtocolImportTests */,
				56DB14DF2290127F00106F20 /* SwiftProtocolImportUITests */,
			);
		};
/* End PBXProject section */

/* Begin PBXResourcesBuildPhase section */
		56DB14BB2290127E00106F20 /* Resources */ = {
			isa = PBXResourcesBuildPhase;
			buildActionMask = 2147483647;
			files = (
				56DB14CD2290127F00106F20 /* LaunchScreen.storyboard in Resources */,
				56DB14CA2290127F00106F20 /* Assets.xcassets in Resources */,
				56DB14C82290127E00106F20 /* Main.storyboard in Resources */,
			);
			runOnlyForDeploymentPostprocessing = 0;
		};
		56DB14D32290127F00106F20 /* Resources */ = {
			isa = PBXResourcesBuildPhase;
			buildActionMask = 2147483647;
			files = (
			);
			runOnlyForDeploymentPostprocessing = 0;
		};
		56DB14DE2290127F00106F20 /* Resources */ = {
			isa = PBXResourcesBuildPhase;
			buildActionMask = 2147483647;
			files = (
			);
			runOnlyForDeploymentPostprocessing = 0;
		};
/* End PBXResourcesBuildPhase section */

/* Begin PBXSourcesBuildPhase section */
		56DB14B92290127E00106F20 /* Sources */ = {
			isa = PBXSourcesBuildPhase;
			buildActionMask = 2147483647;
			files = (
				56DB14F7229012EE00106F20 /* SomeObjectiveCClass.m in Sources */,
				56DB14C52290127E00106F20 /* ViewController.m in Sources */,
				56DB14FB229014E300106F20 /* SwiftProtocol.swift in Sources */,
				56DB14D02290127F00106F20 /* main.m in Sources */,
				56DB14C22290127E00106F20 /* AppDelegate.m in Sources */,
				56DB1501229017ED00106F20 /* SomeObjectiveCClassWithError.m in Sources */,
			);
			runOnlyForDeploymentPostprocessing = 0;
		};
		56DB14D12290127F00106F20 /* Sources */ = {
			isa = PBXSourcesBuildPhase;
			buildActionMask = 2147483647;
			files = (
				56DB14DA2290127F00106F20 /* SwiftProtocolImportTests.m in Sources */,
			);
			runOnlyForDeploymentPostprocessing = 0;
		};
		56DB14DC2290127F00106F20 /* Sources */ = {
			isa = PBXSourcesBuildPhase;
			buildActionMask = 2147483647;
			files = (
				56DB14E52290127F00106F20 /* SwiftProtocolImportUITests.m in Sources */,
			);
			runOnlyForDeploymentPostprocessing = 0;
		};
/* End PBXSourcesBuildPhase section */

/* Begin PBXTargetDependency section */
		56DB14D72290127F00106F20 /* PBXTargetDependency */ = {
			isa = PBXTargetDependency;
			target = 56DB14BC2290127E00106F20 /* SwiftProtocolImport */;
			targetProxy = 56DB14D62290127F00106F20 /* PBXContainerItemProxy */;
		};
		56DB14E22290127F00106F20 /* PBXTargetDependency */ = {
			isa = PBXTargetDependency;
			target = 56DB14BC2290127E00106F20 /* SwiftProtocolImport */;
			targetProxy = 56DB14E12290127F00106F20 /* PBXContainerItemProxy */;
		};
/* End PBXTargetDependency section */

/* Begin PBXVariantGroup section */
		56DB14C62290127E00106F20 /* Main.storyboard */ = {
			isa = PBXVariantGroup;
			children = (
				56DB14C72290127E00106F20 /* Base */,
			);
			name = Main.storyboard;
			sourceTree = "<group>";
		};
		56DB14CB2290127F00106F20 /* LaunchScreen.storyboard */ = {
			isa = PBXVariantGroup;
			children = (
				56DB14CC2290127F00106F20 /* Base */,
			);
			name = LaunchScreen.storyboard;
			sourceTree = "<group>";
		};
/* End PBXVariantGroup section */

/* Begin XCBuildConfiguration section */
		56DB14E72290127F00106F20 /* Debug */ = {
			isa = XCBuildConfiguration;
			buildSettings = {
				ALWAYS_SEARCH_USER_PATHS = NO;
				CLANG_ANALYZER_NONNULL = YES;
				CLANG_ANALYZER_NUMBER_OBJECT_CONVERSION = YES_AGGRESSIVE;
				CLANG_CXX_LANGUAGE_STANDARD = "gnu++14";
				CLANG_CXX_LIBRARY = "libc++";
				CLANG_ENABLE_MODULES = YES;
				CLANG_ENABLE_OBJC_ARC = YES;
				CLANG_ENABLE_OBJC_WEAK = YES;
				CLANG_WARN_BLOCK_CAPTURE_AUTORELEASING = YES;
				CLANG_WARN_BOOL_CONVERSION = YES;
				CLANG_WARN_COMMA = YES;
				CLANG_WARN_CONSTANT_CONVERSION = YES;
				CLANG_WARN_DEPRECATED_OBJC_IMPLEMENTATIONS = YES;
				CLANG_WARN_DIRECT_OBJC_ISA_USAGE = YES_ERROR;
				CLANG_WARN_DOCUMENTATION_COMMENTS = YES;
				CLANG_WARN_EMPTY_BODY = YES;
				CLANG_WARN_ENUM_CONVERSION = YES;
				CLANG_WARN_INFINITE_RECURSION = YES;
				CLANG_WARN_INT_CONVERSION = YES;
				CLANG_WARN_NON_LITERAL_NULL_CONVERSION = YES;
				CLANG_WARN_OBJC_IMPLICIT_RETAIN_SELF = YES;
				CLANG_WARN_OBJC_LITERAL_CONVERSION = YES;
				CLANG_WARN_OBJC_ROOT_CLASS = YES_ERROR;
				CLANG_WARN_RANGE_LOOP_ANALYSIS = YES;
				CLANG_WARN_STRICT_PROTOTYPES = YES;
				CLANG_WARN_SUSPICIOUS_MOVE = YES;
				CLANG_WARN_UNGUARDED_AVAILABILITY = YES_AGGRESSIVE;
				CLANG_WARN_UNREACHABLE_CODE = YES;
				CLANG_WARN__DUPLICATE_METHOD_MATCH = YES;
				CODE_SIGN_IDENTITY = "iPhone Developer";
				COPY_PHASE_STRIP = NO;
				DEBUG_INFORMATION_FORMAT = dwarf;
				ENABLE_STRICT_OBJC_MSGSEND = YES;
				ENABLE_TESTABILITY = YES;
				GCC_C_LANGUAGE_STANDARD = gnu11;
				GCC_DYNAMIC_NO_PIC = NO;
				GCC_NO_COMMON_BLOCKS = YES;
				GCC_OPTIMIZATION_LEVEL = 0;
				GCC_PREPROCESSOR_DEFINITIONS = (
					"DEBUG=1",
					"$(inherited)",
				);
				GCC_TREAT_WARNINGS_AS_ERRORS = YES;
				GCC_WARN_64_TO_32_BIT_CONVERSION = YES;
				GCC_WARN_ABOUT_RETURN_TYPE = YES_ERROR;
				GCC_WARN_UNDECLARED_SELECTOR = YES;
				GCC_WARN_UNINITIALIZED_AUTOS = YES_AGGRESSIVE;
				GCC_WARN_UNUSED_FUNCTION = YES;
				GCC_WARN_UNUSED_VARIABLE = YES;
				IPHONEOS_DEPLOYMENT_TARGET = 12.2;
				MTL_ENABLE_DEBUG_INFO = INCLUDE_SOURCE;
				MTL_FAST_MATH = YES;
				ONLY_ACTIVE_ARCH = YES;
				SDKROOT = iphoneos;
			};
			name = Debug;
		};
		56DB14E82290127F00106F20 /* Release */ = {
			isa = XCBuildConfiguration;
			buildSettings = {
				ALWAYS_SEARCH_USER_PATHS = NO;
				CLANG_ANALYZER_NONNULL = YES;
				CLANG_ANALYZER_NUMBER_OBJECT_CONVERSION = YES_AGGRESSIVE;
				CLANG_CXX_LANGUAGE_STANDARD = "gnu++14";
				CLANG_CXX_LIBRARY = "libc++";
				CLANG_ENABLE_MODULES = YES;
				CLANG_ENABLE_OBJC_ARC = YES;
				CLANG_ENABLE_OBJC_WEAK = YES;
				CLANG_WARN_BLOCK_CAPTURE_AUTORELEASING = YES;
				CLANG_WARN_BOOL_CONVERSION = YES;
				CLANG_WARN_COMMA = YES;
				CLANG_WARN_CONSTANT_CONVERSION = YES;
				CLANG_WARN_DEPRECATED_OBJC_IMPLEMENTATIONS = YES;
				CLANG_WARN_DIRECT_OBJC_ISA_USAGE = YES_ERROR;
				CLANG_WARN_DOCUMENTATION_COMMENTS = YES;
				CLANG_WARN_EMPTY_BODY = YES;
				CLANG_WARN_ENUM_CONVERSION = YES;
				CLANG_WARN_INFINITE_RECURSION = YES;
				CLANG_WARN_INT_CONVERSION = YES;
				CLANG_WARN_NON_LITERAL_NULL_CONVERSION = YES;
				CLANG_WARN_OBJC_IMPLICIT_RETAIN_SELF = YES;
				CLANG_WARN_OBJC_LITERAL_CONVERSION = YES;
				CLANG_WARN_OBJC_ROOT_CLASS = YES_ERROR;
				CLANG_WARN_RANGE_LOOP_ANALYSIS = YES;
				CLANG_WARN_STRICT_PROTOTYPES = YES;
				CLANG_WARN_SUSPICIOUS_MOVE = YES;
				CLANG_WARN_UNGUARDED_AVAILABILITY = YES_AGGRESSIVE;
				CLANG_WARN_UNREACHABLE_CODE = YES;
				CLANG_WARN__DUPLICATE_METHOD_MATCH = YES;
				CODE_SIGN_IDENTITY = "iPhone Developer";
				COPY_PHASE_STRIP = NO;
				DEBUG_INFORMATION_FORMAT = "dwarf-with-dsym";
				ENABLE_NS_ASSERTIONS = NO;
				ENABLE_STRICT_OBJC_MSGSEND = YES;
				GCC_C_LANGUAGE_STANDARD = gnu11;
				GCC_NO_COMMON_BLOCKS = YES;
				GCC_TREAT_WARNINGS_AS_ERRORS = YES;
				GCC_WARN_64_TO_32_BIT_CONVERSION = YES;
				GCC_WARN_ABOUT_RETURN_TYPE = YES_ERROR;
				GCC_WARN_UNDECLARED_SELECTOR = YES;
				GCC_WARN_UNINITIALIZED_AUTOS = YES_AGGRESSIVE;
				GCC_WARN_UNUSED_FUNCTION = YES;
				GCC_WARN_UNUSED_VARIABLE = YES;
				IPHONEOS_DEPLOYMENT_TARGET = 12.2;
				MTL_ENABLE_DEBUG_INFO = NO;
				MTL_FAST_MATH = YES;
				SDKROOT = iphoneos;
				VALIDATE_PRODUCT = YES;
			};
			name = Release;
		};
		56DB14EA2290127F00106F20 /* Debug */ = {
			isa = XCBuildConfiguration;
			buildSettings = {
				ASSETCATALOG_COMPILER_APPICON_NAME = AppIcon;
				CLANG_ENABLE_MODULES = YES;
				CODE_SIGN_STYLE = Automatic;
				DEVELOPMENT_TEAM = 6VP8QL4FNX;
				INFOPLIST_FILE = SwiftProtocolImport/Info.plist;
				LD_RUNPATH_SEARCH_PATHS = (
					"$(inherited)",
					"@executable_path/Frameworks",
				);
				PRODUCT_BUNDLE_IDENTIFIER = uk.co.bbc.SwiftProtocolImport;
				PRODUCT_NAME = "$(TARGET_NAME)";
				SWIFT_OBJC_BRIDGING_HEADER = "SwiftProtocolImport/SwiftProtocolImport-Bridging-Header.h";
				SWIFT_OPTIMIZATION_LEVEL = "-Onone";
				SWIFT_VERSION = 5.0;
				TARGETED_DEVICE_FAMILY = "1,2";
			};
			name = Debug;
		};
		56DB14EB2290127F00106F20 /* Release */ = {
			isa = XCBuildConfiguration;
			buildSettings = {
				ASSETCATALOG_COMPILER_APPICON_NAME = AppIcon;
				CLANG_ENABLE_MODULES = YES;
				CODE_SIGN_STYLE = Automatic;
				DEVELOPMENT_TEAM = 6VP8QL4FNX;
				INFOPLIST_FILE = SwiftProtocolImport/Info.plist;
				LD_RUNPATH_SEARCH_PATHS = (
					"$(inherited)",
					"@executable_path/Frameworks",
				);
				PRODUCT_BUNDLE_IDENTIFIER = uk.co.bbc.SwiftProtocolImport;
				PRODUCT_NAME = "$(TARGET_NAME)";
				SWIFT_OBJC_BRIDGING_HEADER = "SwiftProtocolImport/SwiftProtocolImport-Bridging-Header.h";
				SWIFT_VERSION = 5.0;
				TARGETED_DEVICE_FAMILY = "1,2";
			};
			name = Release;
		};
		56DB14ED2290127F00106F20 /* Debug */ = {
			isa = XCBuildConfiguration;
			buildSettings = {
				ALWAYS_EMBED_SWIFT_STANDARD_LIBRARIES = YES;
				BUNDLE_LOADER = "$(TEST_HOST)";
				CODE_SIGN_STYLE = Automatic;
				INFOPLIST_FILE = SwiftProtocolImportTests/Info.plist;
				LD_RUNPATH_SEARCH_PATHS = (
					"$(inherited)",
					"@executable_path/Frameworks",
					"@loader_path/Frameworks",
				);
				PRODUCT_BUNDLE_IDENTIFIER = uk.co.bbc.SwiftProtocolImportTests;
				PRODUCT_NAME = "$(TARGET_NAME)";
				TARGETED_DEVICE_FAMILY = "1,2";
				TEST_HOST = "$(BUILT_PRODUCTS_DIR)/SwiftProtocolImport.app/SwiftProtocolImport";
			};
			name = Debug;
		};
		56DB14EE2290127F00106F20 /* Release */ = {
			isa = XCBuildConfiguration;
			buildSettings = {
				ALWAYS_EMBED_SWIFT_STANDARD_LIBRARIES = YES;
				BUNDLE_LOADER = "$(TEST_HOST)";
				CODE_SIGN_STYLE = Automatic;
				INFOPLIST_FILE = SwiftProtocolImportTests/Info.plist;
				LD_RUNPATH_SEARCH_PATHS = (
					"$(inherited)",
					"@executable_path/Frameworks",
					"@loader_path/Frameworks",
				);
				PRODUCT_BUNDLE_IDENTIFIER = uk.co.bbc.SwiftProtocolImportTests;
				PRODUCT_NAME = "$(TARGET_NAME)";
				TARGETED_DEVICE_FAMILY = "1,2";
				TEST_HOST = "$(BUILT_PRODUCTS_DIR)/SwiftProtocolImport.app/SwiftProtocolImport";
			};
			name = Release;
		};
		56DB14F02290127F00106F20 /* Debug */ = {
			isa = XCBuildConfiguration;
			buildSettings = {
				ALWAYS_EMBED_SWIFT_STANDARD_LIBRARIES = YES;
				CODE_SIGN_STYLE = Automatic;
				INFOPLIST_FILE = SwiftProtocolImportUITests/Info.plist;
				LD_RUNPATH_SEARCH_PATHS = (
					"$(inherited)",
					"@executable_path/Frameworks",
					"@loader_path/Frameworks",
				);
				PRODUCT_BUNDLE_IDENTIFIER = uk.co.bbc.SwiftProtocolImportUITests;
				PRODUCT_NAME = "$(TARGET_NAME)";
				TARGETED_DEVICE_FAMILY = "1,2";
				TEST_TARGET_NAME = SwiftProtocolImport;
			};
			name = Debug;
		};
		56DB14F12290127F00106F20 /* Release */ = {
			isa = XCBuildConfiguration;
			buildSettings = {
				ALWAYS_EMBED_SWIFT_STANDARD_LIBRARIES = YES;
				CODE_SIGN_STYLE = Automatic;
				INFOPLIST_FILE = SwiftProtocolImportUITests/Info.plist;
				LD_RUNPATH_SEARCH_PATHS = (
					"$(inherited)",
					"@executable_path/Frameworks",
					"@loader_path/Frameworks",
				);
				PRODUCT_BUNDLE_IDENTIFIER = uk.co.bbc.SwiftProtocolImportUITests;
				PRODUCT_NAME = "$(TARGET_NAME)";
				TARGETED_DEVICE_FAMILY = "1,2";
				TEST_TARGET_NAME = SwiftProtocolImport;
			};
			name = Release;
		};
/* End XCBuildConfiguration section */

/* Begin XCConfigurationList section */
		56DB14B82290127E00106F20 /* Build configuration list for PBXProject "SwiftProtocolImport" */ = {
			isa = XCConfigurationList;
			buildConfigurations = (
				56DB14E72290127F00106F20 /* Debug */,
				56DB14E82290127F00106F20 /* Release */,
			);
			defaultConfigurationIsVisible = 0;
			defaultConfigurationName = Release;
		};
		56DB14E92290127F00106F20 /* Build configuration list for PBXNativeTarget "SwiftProtocolImport" */ = {
			isa = XCConfigurationList;
			buildConfigurations = (
				56DB14EA2290127F00106F20 /* Debug */,
				56DB14EB2290127F00106F20 /* Release */,
			);
			defaultConfigurationIsVisible = 0;
			defaultConfigurationName = Release;
		};
		56DB14EC2290127F00106F20 /* Build configuration list for PBXNativeTarget "SwiftProtocolImportTests" */ = {
			isa = XCConfigurationList;
			buildConfigurations = (
				56DB14ED2290127F00106F20 /* Debug */,
				56DB14EE2290127F00106F20 /* Release */,
			);
			defaultConfigurationIsVisible = 0;
			defaultConfigurationName = Release;
		};
		56DB14EF2290127F00106F20 /* Build configuration list for PBXNativeTarget "SwiftProtocolImportUITests" */ = {
			isa = XCConfigurationList;
			buildConfigurations = (
				56DB14F02290127F00106F20 /* Debug */,
				56DB14F12290127F00106F20 /* Release */,
			);
			defaultConfigurationIsVisible = 0;
			defaultConfigurationName = Release;
		};
/* End XCConfigurationList section */
	};
	rootObject = 56DB14B52290127E00106F20 /* Project object */;
}
